
Microsoft Visual Studio Solution File, Format Version 12.00
# Visual Studio Version 16
VisualStudioVersion = 16.0.29102.190
MinimumVisualStudioVersion = 10.0.40219.1
Project("{FAE04EC0-301F-11D3-BF4B-00C04F79EFBC}") = "Bahavioral.Strategy.ComparisonStrategies", "Bahavioral.Strategy.ComparisonStrategies\Bahavioral.Strategy.ComparisonStrategies.csproj", "{3C518802-9EAC-4B1D-A6C3-C675D12BED90}"
EndProject
Global
	GlobalSection(SolutionConfigurationPlatforms) = preSolution
		Debug|Any CPU = Debug|Any CPU
		Release|Any CPU = Release|Any CPU
	EndGlobalSection
	GlobalSection(ProjectConfigurationPlatforms) = postSolution
		{3C518802-9EAC-4B1D-A6C3-C675D12BED90}.Debug|Any CPU.ActiveCfg = Debug|Any CPU
		{3C518802-9EAC-4B1D-A6C3-C675D12BED90}.Debug|Any CPU.Build.0 = Debug|Any CPU
		{3C518802-9EAC-4B1D-A6C3-C675D12BED90}.Release|Any CPU.ActiveCfg = Release|Any CPU
		{3C518802-9EAC-4B1D-A6C3-C675D12BED90}.Release|Any CPU.Build.0 = Release|Any CPU
	EndGlobalSection
	GlobalSection(SolutionProperties) = preSolution
		HideSolutionNode = FALSE
	EndGlobalSection
	GlobalSection(ExtensibilityGlobals) = postSolution
		SolutionGuid = {086A7558-D689-4F6A-A551-E09B93A54B43}
	EndGlobalSection
EndGlobal
